
Microsoft Visual Studio Solution File, Format Version 12.00
# Visual Studio Version 17
VisualStudioVersion = 17.4.33110.190
MinimumVisualStudioVersion = 10.0.40219.1
Project("{FAE04EC0-301F-11D3-BF4B-00C04F79EFBC}") = "Comuser", "Comuser\Comuser.csproj", "{03ECCD4B-44C6-4BA7-8B9A-9D3D05B30C34}"
EndProject
Project("{FAE04EC0-301F-11D3-BF4B-00C04F79EFBC}") = "Producer", "Producer\Producer.csproj", "{BA84F36D-894C-440D-A8F1-E2B573D9127E}"
EndProject
Global
	GlobalSection(SolutionConfigurationPlatforms) = preSolution
		Debug|Any CPU = Debug|Any CPU
		Release|Any CPU = Release|Any CPU
	EndGlobalSection
	GlobalSection(ProjectConfigurationPlatforms) = postSolution
		{03ECCD4B-44C6-4BA7-8B9A-9D3D05B30C34}.Debug|Any CPU.ActiveCfg = Debug|Any CPU
		{03ECCD4B-44C6-4BA7-8B9A-9D3D05B30C34}.Debug|Any CPU.Build.0 = Debug|Any CPU
		{03ECCD4B-44C6-4BA7-8B9A-9D3D05B30C34}.Release|Any CPU.ActiveCfg = Release|Any CPU
		{03ECCD4B-44C6-4BA7-8B9A-9D3D05B30C34}.Release|Any CPU.Build.0 = Release|Any CPU
		{BA84F36D-894C-440D-A8F1-E2B573D9127E}.Debug|Any CPU.ActiveCfg = Debug|Any CPU
		{BA84F36D-894C-440D-A8F1-E2B573D9127E}.Debug|Any CPU.Build.0 = Debug|Any CPU
		{BA84F36D-894C-440D-A8F1-E2B573D9127E}.Release|Any CPU.ActiveCfg = Release|Any CPU
		{BA84F36D-894C-440D-A8F1-E2B573D9127E}.Release|Any CPU.Build.0 = Release|Any CPU
	EndGlobalSection
	GlobalSection(SolutionProperties) = preSolution
		HideSolutionNode = FALSE
	EndGlobalSection
	GlobalSection(ExtensibilityGlobals) = postSolution
		SolutionGuid = {3C4811B4-D5AA-46AB-8BDE-ABA1749F8118}
	EndGlobalSection
EndGlobal
